
Microsoft Visual Studio Solution File, Format Version 12.00
# Visual Studio Version 17
VisualStudioVersion = 17.2.32630.192
MinimumVisualStudioVersion = 10.0.40219.1
Project("{FAE04EC0-301F-11D3-BF4B-00C04F79EFBC}") = "Downloader", "Downloader\Downloader.csproj", "{0F3498E5-8BDB-489C-9452-854FE57721EE}"
EndProject
Global
	GlobalSection(SolutionConfigurationPlatforms) = preSolution
		Debug|Any CPU = Debug|Any CPU
		Debug|x64 = Debug|x64
		Release|Any CPU = Release|Any CPU
		Release|x64 = Release|x64
	EndGlobalSection
	GlobalSection(ProjectConfigurationPlatforms) = postSolution
		{0F3498E5-8BDB-489C-9452-854FE57721EE}.Debug|Any CPU.ActiveCfg = Debug|Any CPU
		{0F3498E5-8BDB-489C-9452-854FE57721EE}.Debug|Any CPU.Build.0 = Debug|Any CPU
		{0F3498E5-8BDB-489C-9452-854FE57721EE}.Debug|x64.ActiveCfg = Debug|x64
		{0F3498E5-8BDB-489C-9452-854FE57721EE}.Debug|x64.Build.0 = Debug|x64
		{0F3498E5-8BDB-489C-9452-854FE57721EE}.Release|Any CPU.ActiveCfg = Release|Any CPU
		{0F3498E5-8BDB-489C-9452-854FE57721EE}.Release|Any CPU.Build.0 = Release|Any CPU
		{0F3498E5-8BDB-489C-9452-854FE57721EE}.Release|x64.ActiveCfg = Release|x64
		{0F3498E5-8BDB-489C-9452-854FE57721EE}.Release|x64.Build.0 = Release|x64
	EndGlobalSection
	GlobalSection(SolutionProperties) = preSolution
		HideSolutionNode = FALSE
	EndGlobalSection
	GlobalSection(ExtensibilityGlobals) = postSolution
		SolutionGuid = {9D2DCADB-CFBB-48D5-8244-21032A10D27A}
	EndGlobalSection
EndGlobal
